
Microsoft Visual Studio Solution File, Format Version 12.00
# Visual Studio Version 17
VisualStudioVersion = 17.5.002.0
MinimumVisualStudioVersion = 10.0.40219.1
Project("{9A19103F-16F7-4668-BE54-9A1E7A4F7556}") = "BookOrganiser", "BookOrganiser.csproj", "{58A0291F-9E19-475F-A2EC-E26B6D9470AE}"
EndProject
Global
	GlobalSection(SolutionConfigurationPlatforms) = preSolution
		Debug|Any CPU = Debug|Any CPU
		Release|Any CPU = Release|Any CPU
	EndGlobalSection
	GlobalSection(ProjectConfigurationPlatforms) = postSolution
		{58A0291F-9E19-475F-A2EC-E26B6D9470AE}.Debug|Any CPU.ActiveCfg = Debug|Any CPU
		{58A0291F-9E19-475F-A2EC-E26B6D9470AE}.Debug|Any CPU.Build.0 = Debug|Any CPU
		{58A0291F-9E19-475F-A2EC-E26B6D9470AE}.Release|Any CPU.ActiveCfg = Release|Any CPU
		{58A0291F-9E19-475F-A2EC-E26B6D9470AE}.Release|Any CPU.Build.0 = Release|Any CPU
	EndGlobalSection
	GlobalSection(SolutionProperties) = preSolution
		HideSolutionNode = FALSE
	EndGlobalSection
	GlobalSection(ExtensibilityGlobals) = postSolution
		SolutionGuid = {FE332177-8512-4F53-BC64-A9F3C685CFD2}
	EndGlobalSection
EndGlobal
